
Microsoft Visual Studio Solution File, Format Version 12.00
# Visual Studio 2012
Project("{FAE04EC0-301F-11D3-BF4B-00C04F79EFBC}") = "Appnewproy", "Appnewproy\Appnewproy.csproj", "{0E29A845-E555-49D1-9638-2222F73CB99E}"
EndProject
Global
	GlobalSection(SolutionConfigurationPlatforms) = preSolution
		Debug|Any CPU = Debug|Any CPU
		Release|Any CPU = Release|Any CPU
	EndGlobalSection
	GlobalSection(ProjectConfigurationPlatforms) = postSolution
		{0E29A845-E555-49D1-9638-2222F73CB99E}.Debug|Any CPU.ActiveCfg = Debug|Any CPU
		{0E29A845-E555-49D1-9638-2222F73CB99E}.Debug|Any CPU.Build.0 = Debug|Any CPU
		{0E29A845-E555-49D1-9638-2222F73CB99E}.Release|Any CPU.ActiveCfg = Release|Any CPU
		{0E29A845-E555-49D1-9638-2222F73CB99E}.Release|Any CPU.Build.0 = Release|Any CPU
	EndGlobalSection
	GlobalSection(SolutionProperties) = preSolution
		HideSolutionNode = FALSE
	EndGlobalSection
EndGlobal
